
Microsoft Visual Studio Solution File, Format Version 12.00
# Visual Studio Version 17
VisualStudioVersion = 17.3.32611.2
MinimumVisualStudioVersion = 10.0.40219.1
Project("{9A19103F-16F7-4668-BE54-9A1E7A4F7556}") = "MauiApp1", "MauiApp1\MauiApp1\MauiApp1.csproj", "{6A8710AC-B44C-4515-B726-377CFDF877AF}"
EndProject
Project("{9A19103F-16F7-4668-BE54-9A1E7A4F7556}") = "MauiApp2", "MauiApp2\MauiApp2\MauiApp2.csproj", "{3D8AB742-8C98-4601-95C0-6D420925E9BD}"
EndProject
Project("{9A19103F-16F7-4668-BE54-9A1E7A4F7556}") = "MauiApp3", "MauiApp3\MauiApp3\MauiApp3.csproj", "{998643B4-4994-4F27-A8ED-AE37BF6868C2}"
EndProject
Project("{9A19103F-16F7-4668-BE54-9A1E7A4F7556}") = "MauiApp4", "MauiApp4\MauiApp4\MauiApp4.csproj", "{8C4E7572-2FD9-4035-B576-B92718A8CB46}"
EndProject
Project("{9A19103F-16F7-4668-BE54-9A1E7A4F7556}") = "MauiDesignControl", "MauiApp3\MauiDesignControl\MauiDesignControl.csproj", "{DFB0DB28-41C2-4DC0-8609-A4ACC93C7638}"
EndProject
Project("{2150E333-8FDC-42A3-9474-1A3956D46DE8}") = "MauiApp3_In", "MauiApp3_In", "{7652B0D5-1AE0-49C4-ABDC-331EA659E1B5}"
EndProject
Project("{9A19103F-16F7-4668-BE54-9A1E7A4F7556}") = "MauiApp5", "MauiApp5\MauiApp5\MauiApp5.csproj", "{D3528223-56BD-4F02-B3B7-7BD98D60A71B}"
EndProject
Project("{2150E333-8FDC-42A3-9474-1A3956D46DE8}") = "Solution Items", "Solution Items", "{FB5EAE30-D648-41FA-9023-37E64A324A58}"
	ProjectSection(SolutionItems) = preProject
		.editorconfig = .editorconfig
		Directory.build.props = Directory.build.props
		Directory.build.targets = Directory.build.targets
	EndProjectSection
EndProject
Project("{9A19103F-16F7-4668-BE54-9A1E7A4F7556}") = "MauiApp6", "MauiApp6\MauiApp6\MauiApp6.csproj", "{DF7C31FF-5E5B-4A1C-AA85-FA03ED673DA8}"
EndProject
Project("{9A19103F-16F7-4668-BE54-9A1E7A4F7556}") = "MauiApp7", "MauiApp7\MauiApp7\MauiApp7.csproj", "{86B62305-8FE2-4FD2-BE57-23D1D64FDE58}"
EndProject
Global
	GlobalSection(SolutionConfigurationPlatforms) = preSolution
		Debug|Any CPU = Debug|Any CPU
		Debug|ARM64 = Debug|ARM64
		Debug|x64 = Debug|x64
		Debug|x86 = Debug|x86
		Release|Any CPU = Release|Any CPU
		Release|ARM64 = Release|ARM64
		Release|x64 = Release|x64
		Release|x86 = Release|x86
	EndGlobalSection
	GlobalSection(ProjectConfigurationPlatforms) = postSolution
		{6A8710AC-B44C-4515-B726-377CFDF877AF}.Debug|Any CPU.ActiveCfg = Debug|Any CPU
		{6A8710AC-B44C-4515-B726-377CFDF877AF}.Debug|Any CPU.Build.0 = Debug|Any CPU
		{6A8710AC-B44C-4515-B726-377CFDF877AF}.Debug|ARM64.ActiveCfg = Debug|Any CPU
		{6A8710AC-B44C-4515-B726-377CFDF877AF}.Debug|ARM64.Build.0 = Debug|Any CPU
		{6A8710AC-B44C-4515-B726-377CFDF877AF}.Debug|ARM64.Deploy.0 = Debug|Any CPU
		{6A8710AC-B44C-4515-B726-377CFDF877AF}.Debug|x64.ActiveCfg = Debug|Any CPU
		{6A8710AC-B44C-4515-B726-377CFDF877AF}.Debug|x64.Build.0 = Debug|Any CPU
		{6A8710AC-B44C-4515-B726-377CFDF877AF}.Debug|x64.Deploy.0 = Debug|Any CPU
		{6A8710AC-B44C-4515-B726-377CFDF877AF}.Debug|x86.ActiveCfg = Debug|Any CPU
		{6A8710AC-B44C-4515-B726-377CFDF877AF}.Debug|x86.Build.0 = Debug|Any CPU
		{6A8710AC-B44C-4515-B726-377CFDF877AF}.Debug|x86.Deploy.0 = Debug|Any CPU
		{6A8710AC-B44C-4515-B726-377CFDF877AF}.Release|Any CPU.ActiveCfg = Release|Any CPU
		{6A8710AC-B44C-4515-B726-377CFDF877AF}.Release|Any CPU.Build.0 = Release|Any CPU
		{6A8710AC-B44C-4515-B726-377CFDF877AF}.Release|ARM64.ActiveCfg = Release|Any CPU
		{6A8710AC-B44C-4515-B726-377CFDF877AF}.Release|ARM64.Build.0 = Release|Any CPU
		{6A8710AC-B44C-4515-B726-377CFDF877AF}.Release|ARM64.Deploy.0 = Release|Any CPU
		{6A8710AC-B44C-4515-B726-377CFDF877AF}.Release|x64.ActiveCfg = Release|Any CPU
		{6A8710AC-B44C-4515-B726-377CFDF877AF}.Release|x64.Build.0 = Release|Any CPU
		{6A8710AC-B44C-4515-B726-377CFDF877AF}.Release|x64.Deploy.0 = Release|Any CPU
		{6A8710AC-B44C-4515-B726-377CFDF877AF}.Release|x86.ActiveCfg = Release|Any CPU
		{6A8710AC-B44C-4515-B726-377CFDF877AF}.Release|x86.Build.0 = Release|Any CPU
		{6A8710AC-B44C-4515-B726-377CFDF877AF}.Release|x86.Deploy.0 = Release|Any CPU
		{3D8AB742-8C98-4601-95C0-6D420925E9BD}.Debug|Any CPU.ActiveCfg = Debug|Any CPU
		{3D8AB742-8C98-4601-95C0-6D420925E9BD}.Debug|Any CPU.Build.0 = Debug|Any CPU
		{3D8AB742-8C98-4601-95C0-6D420925E9BD}.Debug|Any CPU.Deploy.0 = Debug|Any CPU
		{3D8AB742-8C98-4601-95C0-6D420925E9BD}.Debug|ARM64.ActiveCfg = Debug|Any CPU
		{3D8AB742-8C98-4601-95C0-6D420925E9BD}.Debug|ARM64.Build.0 = Debug|Any CPU
		{3D8AB742-8C98-4601-95C0-6D420925E9BD}.Debug|ARM64.Deploy.0 = Debug|Any CPU
		{3D8AB742-8C98-4601-95C0-6D420925E9BD}.Debug|x64.ActiveCfg = Debug|Any CPU
		{3D8AB742-8C98-4601-95C0-6D420925E9BD}.Debug|x64.Build.0 = Debug|Any CPU
		{3D8AB742-8C98-4601-95C0-6D420925E9BD}.Debug|x64.Deploy.0 = Debug|Any CPU
		{3D8AB742-8C98-4601-95C0-6D420925E9BD}.Debug|x86.ActiveCfg = Debug|Any CPU
		{3D8AB742-8C98-4601-95C0-6D420925E9BD}.Debug|x86.Build.0 = Debug|Any CPU
		{3D8AB742-8C98-4601-95C0-6D420925E9BD}.Debug|x86.Deploy.0 = Debug|Any CPU
		{3D8AB742-8C98-4601-95C0-6D420925E9BD}.Release|Any CPU.ActiveCfg = Release|Any CPU
		{3D8AB742-8C98-4601-95C0-6D420925E9BD}.Release|Any CPU.Build.0 = Release|Any CPU
		{3D8AB742-8C98-4601-95C0-6D420925E9BD}.Release|Any CPU.Deploy.0 = Release|Any CPU
		{3D8AB742-8C98-4601-95C0-6D420925E9BD}.Release|ARM64.ActiveCfg = Release|Any CPU
		{3D8AB742-8C98-4601-95C0-6D420925E9BD}.Release|ARM64.Build.0 = Release|Any CPU
		{3D8AB742-8C98-4601-95C0-6D420925E9BD}.Release|ARM64.Deploy.0 = Release|Any CPU
		{3D8AB742-8C98-4601-95C0-6D420925E9BD}.Release|x64.ActiveCfg = Release|Any CPU
		{3D8AB742-8C98-4601-95C0-6D420925E9BD}.Release|x64.Build.0 = Release|Any CPU
		{3D8AB742-8C98-4601-95C0-6D420925E9BD}.Release|x64.Deploy.0 = Release|Any CPU
		{3D8AB742-8C98-4601-95C0-6D420925E9BD}.Release|x86.ActiveCfg = Release|Any CPU
		{3D8AB742-8C98-4601-95C0-6D420925E9BD}.Release|x86.Build.0 = Release|Any CPU
		{3D8AB742-8C98-4601-95C0-6D420925E9BD}.Release|x86.Deploy.0 = Release|Any CPU
		{998643B4-4994-4F27-A8ED-AE37BF6868C2}.Debug|Any CPU.ActiveCfg = Debug|Any CPU
		{998643B4-4994-4F27-A8ED-AE37BF6868C2}.Debug|Any CPU.Build.0 = Debug|Any CPU
		{998643B4-4994-4F27-A8ED-AE37BF6868C2}.Debug|Any CPU.Deploy.0 = Debug|Any CPU
		{998643B4-4994-4F27-A8ED-AE37BF6868C2}.Debug|ARM64.ActiveCfg = Debug|Any CPU
		{998643B4-4994-4F27-A8ED-AE37BF6868C2}.Debug|ARM64.Build.0 = Debug|Any CPU
		{998643B4-4994-4F27-A8ED-AE37BF6868C2}.Debug|ARM64.Deploy.0 = Debug|Any CPU
		{998643B4-4994-4F27-A8ED-AE37BF6868C2}.Debug|x64.ActiveCfg = Debug|Any CPU
		{998643B4-4994-4F27-A8ED-AE37BF6868C2}.Debug|x64.Build.0 = Debug|Any CPU
		{998643B4-4994-4F27-A8ED-AE37BF6868C2}.Debug|x64.Deploy.0 = Debug|Any CPU
		{998643B4-4994-4F27-A8ED-AE37BF6868C2}.Debug|x86.ActiveCfg = Debug|Any CPU
		{998643B4-4994-4F27-A8ED-AE37BF6868C2}.Debug|x86.Build.0 = Debug|Any CPU
		{998643B4-4994-4F27-A8ED-AE37BF6868C2}.Debug|x86.Deploy.0 = Debug|Any CPU
		{998643B4-4994-4F27-A8ED-AE37BF6868C2}.Release|Any CPU.ActiveCfg = Release|Any CPU
		{998643B4-4994-4F27-A8ED-AE37BF6868C2}.Release|Any CPU.Build.0 = Release|Any CPU
		{998643B4-4994-4F27-A8ED-AE37BF6868C2}.Release|Any CPU.Deploy.0 = Release|Any CPU
		{998643B4-4994-4F27-A8ED-AE37BF6868C2}.Release|ARM64.ActiveCfg = Release|Any CPU
		{998643B4-4994-4F27-A8ED-AE37BF6868C2}.Release|ARM64.Build.0 = Release|Any CPU
		{998643B4-4994-4F27-A8ED-AE37BF6868C2}.Release|ARM64.Deploy.0 = Release|Any CPU
		{998643B4-4994-4F27-A8ED-AE37BF6868C2}.Release|x64.ActiveCfg = Release|Any CPU
		{998643B4-4994-4F27-A8ED-AE37BF6868C2}.Release|x64.Build.0 = Release|Any CPU
		{998643B4-4994-4F27-A8ED-AE37BF6868C2}.Release|x64.Deploy.0 = Release|Any CPU
		{998643B4-4994-4F27-A8ED-AE37BF6868C2}.Release|x86.ActiveCfg = Release|Any CPU
		{998643B4-4994-4F27-A8ED-AE37BF6868C2}.Release|x86.Build.0 = Release|Any CPU
		{998643B4-4994-4F27-A8ED-AE37BF6868C2}.Release|x86.Deploy.0 = Release|Any CPU
		{8C4E7572-2FD9-4035-B576-B92718A8CB46}.Debug|Any CPU.ActiveCfg = Debug|Any CPU
		{8C4E7572-2FD9-4035-B576-B92718A8CB46}.Debug|Any CPU.Build.0 = Debug|Any CPU
		{8C4E7572-2FD9-4035-B576-B92718A8CB46}.Debug|Any CPU.Deploy.0 = Debug|Any CPU
		{8C4E7572-2FD9-4035-B576-B92718A8CB46}.Debug|ARM64.ActiveCfg = Debug|ARM64
		{8C4E7572-2FD9-4035-B576-B92718A8CB46}.Debug|ARM64.Build.0 = Debug|ARM64
		{8C4E7572-2FD9-4035-B576-B92718A8CB46}.Debug|ARM64.Deploy.0 = Debug|ARM64
		{8C4E7572-2FD9-4035-B576-B92718A8CB46}.Debug|x64.ActiveCfg = Debug|x64
		{8C4E7572-2FD9-4035-B576-B92718A8CB46}.Debug|x64.Build.0 = Debug|x64
		{8C4E7572-2FD9-4035-B576-B92718A8CB46}.Debug|x64.Deploy.0 = Debug|x64
		{8C4E7572-2FD9-4035-B576-B92718A8CB46}.Debug|x86.ActiveCfg = Debug|x86
		{8C4E7572-2FD9-4035-B576-B92718A8CB46}.Debug|x86.Build.0 = Debug|x86
		{8C4E7572-2FD9-4035-B576-B92718A8CB46}.Debug|x86.Deploy.0 = Debug|x86
		{8C4E7572-2FD9-4035-B576-B92718A8CB46}.Release|Any CPU.ActiveCfg = Release|Any CPU
		{8C4E7572-2FD9-4035-B576-B92718A8CB46}.Release|Any CPU.Build.0 = Release|Any CPU
		{8C4E7572-2FD9-4035-B576-B92718A8CB46}.Release|Any CPU.Deploy.0 = Release|Any CPU
		{8C4E7572-2FD9-4035-B576-B92718A8CB46}.Release|ARM64.ActiveCfg = Release|ARM64
		{8C4E7572-2FD9-4035-B576-B92718A8CB46}.Release|ARM64.Build.0 = Release|ARM64
		{8C4E7572-2FD9-4035-B576-B92718A8CB46}.Release|ARM64.Deploy.0 = Release|ARM64
		{8C4E7572-2FD9-4035-B576-B92718A8CB46}.Release|x64.ActiveCfg = Release|x64
		{8C4E7572-2FD9-4035-B576-B92718A8CB46}.Release|x64.Build.0 = Release|x64
		{8C4E7572-2FD9-4035-B576-B92718A8CB46}.Release|x64.Deploy.0 = Release|x64
		{8C4E7572-2FD9-4035-B576-B92718A8CB46}.Release|x86.ActiveCfg = Release|x86
		{8C4E7572-2FD9-4035-B576-B92718A8CB46}.Release|x86.Build.0 = Release|x86
		{8C4E7572-2FD9-4035-B576-B92718A8CB46}.Release|x86.Deploy.0 = Release|x86
		{DFB0DB28-41C2-4DC0-8609-A4ACC93C7638}.Debug|Any CPU.ActiveCfg = Debug|Any CPU
		{DFB0DB28-41C2-4DC0-8609-A4ACC93C7638}.Debug|Any CPU.Build.0 = Debug|Any CPU
		{DFB0DB28-41C2-4DC0-8609-A4ACC93C7638}.Debug|ARM64.ActiveCfg = Debug|Any CPU
		{DFB0DB28-41C2-4DC0-8609-A4ACC93C7638}.Debug|ARM64.Build.0 = Debug|Any CPU
		{DFB0DB28-41C2-4DC0-8609-A4ACC93C7638}.Debug|x64.ActiveCfg = Debug|Any CPU
		{DFB0DB28-41C2-4DC0-8609-A4ACC93C7638}.Debug|x64.Build.0 = Debug|Any CPU
		{DFB0DB28-41C2-4DC0-8609-A4ACC93C7638}.Debug|x86.ActiveCfg = Debug|Any CPU
		{DFB0DB28-41C2-4DC0-8609-A4ACC93C7638}.Debug|x86.Build.0 = Debug|Any CPU
		{DFB0DB28-41C2-4DC0-8609-A4ACC93C7638}.Release|Any CPU.ActiveCfg = Release|Any CPU
		{DFB0DB28-41C2-4DC0-8609-A4ACC93C7638}.Release|Any CPU.Build.0 = Release|Any CPU
		{DFB0DB28-41C2-4DC0-8609-A4ACC93C7638}.Release|ARM64.ActiveCfg = Release|Any CPU
		{DFB0DB28-41C2-4DC0-8609-A4ACC93C7638}.Release|ARM64.Build.0 = Release|Any CPU
		{DFB0DB28-41C2-4DC0-8609-A4ACC93C7638}.Release|x64.ActiveCfg = Release|Any CPU
		{DFB0DB28-41C2-4DC0-8609-A4ACC93C7638}.Release|x64.Build.0 = Release|Any CPU
		{DFB0DB28-41C2-4DC0-8609-A4ACC93C7638}.Release|x86.ActiveCfg = Release|Any CPU
		{DFB0DB28-41C2-4DC0-8609-A4ACC93C7638}.Release|x86.Build.0 = Release|Any CPU
		{D3528223-56BD-4F02-B3B7-7BD98D60A71B}.Debug|Any CPU.ActiveCfg = Debug|Any CPU
		{D3528223-56BD-4F02-B3B7-7BD98D60A71B}.Debug|Any CPU.Build.0 = Debug|Any CPU
		{D3528223-56BD-4F02-B3B7-7BD98D60A71B}.Debug|Any CPU.Deploy.0 = Debug|Any CPU
		{D3528223-56BD-4F02-B3B7-7BD98D60A71B}.Debug|ARM64.ActiveCfg = Debug|Any CPU
		{D3528223-56BD-4F02-B3B7-7BD98D60A71B}.Debug|ARM64.Build.0 = Debug|Any CPU
		{D3528223-56BD-4F02-B3B7-7BD98D60A71B}.Debug|ARM64.Deploy.0 = Debug|Any CPU
		{D3528223-56BD-4F02-B3B7-7BD98D60A71B}.Debug|x64.ActiveCfg = Debug|Any CPU
		{D3528223-56BD-4F02-B3B7-7BD98D60A71B}.Debug|x64.Build.0 = Debug|Any CPU
		{D3528223-56BD-4F02-B3B7-7BD98D60A71B}.Debug|x64.Deploy.0 = Debug|Any CPU
		{D3528223-56BD-4F02-B3B7-7BD98D60A71B}.Debug|x86.ActiveCfg = Debug|Any CPU
		{D3528223-56BD-4F02-B3B7-7BD98D60A71B}.Debug|x86.Build.0 = Debug|Any CPU
		{D3528223-56BD-4F02-B3B7-7BD98D60A71B}.Debug|x86.Deploy.0 = Debug|Any CPU
		{D3528223-56BD-4F02-B3B7-7BD98D60A71B}.Release|Any CPU.ActiveCfg = Release|Any CPU
		{D3528223-56BD-4F02-B3B7-7BD98D60A71B}.Release|Any CPU.Build.0 = Release|Any CPU
		{D3528223-56BD-4F02-B3B7-7BD98D60A71B}.Release|Any CPU.Deploy.0 = Release|Any CPU
		{D3528223-56BD-4F02-B3B7-7BD98D60A71B}.Release|ARM64.ActiveCfg = Release|Any CPU
		{D3528223-56BD-4F02-B3B7-7BD98D60A71B}.Release|ARM64.Build.0 = Release|Any CPU
		{D3528223-56BD-4F02-B3B7-7BD98D60A71B}.Release|ARM64.Deploy.0 = Release|Any CPU
		{D3528223-56BD-4F02-B3B7-7BD98D60A71B}.Release|x64.ActiveCfg = Release|Any CPU
		{D3528223-56BD-4F02-B3B7-7BD98D60A71B}.Release|x64.Build.0 = Release|Any CPU
		{D3528223-56BD-4F02-B3B7-7BD98D60A71B}.Release|x64.Deploy.0 = Release|Any CPU
		{D3528223-56BD-4F02-B3B7-7BD98D60A71B}.Release|x86.ActiveCfg = Release|Any CPU
		{D3528223-56BD-4F02-B3B7-7BD98D60A71B}.Release|x86.Build.0 = Release|Any CPU
		{D3528223-56BD-4F02-B3B7-7BD98D60A71B}.Release|x86.Deploy.0 = Release|Any CPU
		{DF7C31FF-5E5B-4A1C-AA85-FA03ED673DA8}.Debug|Any CPU.ActiveCfg = Debug|Any CPU
		{DF7C31FF-5E5B-4A1C-AA85-FA03ED673DA8}.Debug|Any CPU.Build.0 = Debug|Any CPU
		{DF7C31FF-5E5B-4A1C-AA85-FA03ED673DA8}.Debug|Any CPU.Deploy.0 = Debug|Any CPU
		{DF7C31FF-5E5B-4A1C-AA85-FA03ED673DA8}.Debug|ARM64.ActiveCfg = Debug|Any CPU
		{DF7C31FF-5E5B-4A1C-AA85-FA03ED673DA8}.Debug|ARM64.Build.0 = Debug|Any CPU
		{DF7C31FF-5E5B-4A1C-AA85-FA03ED673DA8}.Debug|ARM64.Deploy.0 = Debug|Any CPU
		{DF7C31FF-5E5B-4A1C-AA85-FA03ED673DA8}.Debug|x64.ActiveCfg = Debug|Any CPU
		{DF7C31FF-5E5B-4A1C-AA85-FA03ED673DA8}.Debug|x64.Build.0 = Debug|Any CPU
		{DF7C31FF-5E5B-4A1C-AA85-FA03ED673DA8}.Debug|x64.Deploy.0 = Debug|Any CPU
		{DF7C31FF-5E5B-4A1C-AA85-FA03ED673DA8}.Debug|x86.ActiveCfg = Debug|Any CPU
		{DF7C31FF-5E5B-4A1C-AA85-FA03ED673DA8}.Debug|x86.Build.0 = Debug|Any CPU
		{DF7C31FF-5E5B-4A1C-AA85-FA03ED673DA8}.Debug|x86.Deploy.0 = Debug|Any CPU
		{DF7C31FF-5E5B-4A1C-AA85-FA03ED673DA8}.Release|Any CPU.ActiveCfg = Release|Any CPU
		{DF7C31FF-5E5B-4A1C-AA85-FA03ED673DA8}.Release|Any CPU.Build.0 = Release|Any CPU
		{DF7C31FF-5E5B-4A1C-AA85-FA03ED673DA8}.Release|Any CPU.Deploy.0 = Release|Any CPU
		{DF7C31FF-5E5B-4A1C-AA85-FA03ED673DA8}.Release|ARM64.ActiveCfg = Release|Any CPU
		{DF7C31FF-5E5B-4A1C-AA85-FA03ED673DA8}.Release|ARM64.Build.0 = Release|Any CPU
		{DF7C31FF-5E5B-4A1C-AA85-FA03ED673DA8}.Release|ARM64.Deploy.0 = Release|Any CPU
		{DF7C31FF-5E5B-4A1C-AA85-FA03ED673DA8}.Release|x64.ActiveCfg = Release|Any CPU
		{DF7C31FF-5E5B-4A1C-AA85-FA03ED673DA8}.Release|x64.Build.0 = Release|Any CPU
		{DF7C31FF-5E5B-4A1C-AA85-FA03ED673DA8}.Release|x64.Deploy.0 = Release|Any CPU
		{DF7C31FF-5E5B-4A1C-AA85-FA03ED673DA8}.Release|x86.ActiveCfg = Release|Any CPU
		{DF7C31FF-5E5B-4A1C-AA85-FA03ED673DA8}.Release|x86.Build.0 = Release|Any CPU
		{DF7C31FF-5E5B-4A1C-AA85-FA03ED673DA8}.Release|x86.Deploy.0 = Release|Any CPU
		{86B62305-8FE2-4FD2-BE57-23D1D64FDE58}.Debug|Any CPU.ActiveCfg = Debug|Any CPU
		{86B62305-8FE2-4FD2-BE57-23D1D64FDE58}.Debug|Any CPU.Build.0 = Debug|Any CPU
		{86B62305-8FE2-4FD2-BE57-23D1D64FDE58}.Debug|Any CPU.Deploy.0 = Debug|Any CPU
		{86B62305-8FE2-4FD2-BE57-23D1D64FDE58}.Debug|ARM64.ActiveCfg = Debug|Any CPU
		{86B62305-8FE2-4FD2-BE57-23D1D64FDE58}.Debug|ARM64.Build.0 = Debug|Any CPU
		{86B62305-8FE2-4FD2-BE57-23D1D64FDE58}.Debug|ARM64.Deploy.0 = Debug|Any CPU
		{86B62305-8FE2-4FD2-BE57-23D1D64FDE58}.Debug|x64.ActiveCfg = Debug|Any CPU
		{86B62305-8FE2-4FD2-BE57-23D1D64FDE58}.Debug|x64.Build.0 = Debug|Any CPU
		{86B62305-8FE2-4FD2-BE57-23D1D64FDE58}.Debug|x64.Deploy.0 = Debug|Any CPU
		{86B62305-8FE2-4FD2-BE57-23D1D64FDE58}.Debug|x86.ActiveCfg = Debug|Any CPU
		{86B62305-8FE2-4FD2-BE57-23D1D64FDE58}.Debug|x86.Build.0 = Debug|Any CPU
		{86B62305-8FE2-4FD2-BE57-23D1D64FDE58}.Debug|x86.Deploy.0 = Debug|Any CPU
		{86B62305-8FE2-4FD2-BE57-23D1D64FDE58}.Release|Any CPU.ActiveCfg = Release|Any CPU
		{86B62305-8FE2-4FD2-BE57-23D1D64FDE58}.Release|Any CPU.Build.0 = Release|Any CPU
		{86B62305-8FE2-4FD2-BE57-23D1D64FDE58}.Release|Any CPU.Deploy.0 = Release|Any CPU
		{86B62305-8FE2-4FD2-BE57-23D1D64FDE58}.Release|ARM64.ActiveCfg = Release|Any CPU
		{86B62305-8FE2-4FD2-BE57-23D1D64FDE58}.Release|ARM64.Build.0 = Release|Any CPU
		{86B62305-8FE2-4FD2-BE57-23D1D64FDE58}.Release|ARM64.Deploy.0 = Release|Any CPU
		{86B62305-8FE2-4FD2-BE57-23D1D64FDE58}.Release|x64.ActiveCfg = Release|Any CPU
		{86B62305-8FE2-4FD2-BE57-23D1D64FDE58}.Release|x64.Build.0 = Release|Any CPU
		{86B62305-8FE2-4FD2-BE57-23D1D64FDE58}.Release|x64.Deploy.0 = Release|Any CPU
		{86B62305-8FE2-4FD2-BE57-23D1D64FDE58}.Release|x86.ActiveCfg = Release|Any CPU
		{86B62305-8FE2-4FD2-BE57-23D1D64FDE58}.Release|x86.Build.0 = Release|Any CPU
		{86B62305-8FE2-4FD2-BE57-23D1D64FDE58}.Release|x86.Deploy.0 = Release|Any CPU
	EndGlobalSection
	GlobalSection(SolutionProperties) = preSolution
		HideSolutionNode = FALSE
	EndGlobalSection
	GlobalSection(NestedProjects) = preSolution
		{998643B4-4994-4F27-A8ED-AE37BF6868C2} = {7652B0D5-1AE0-49C4-ABDC-331EA659E1B5}
		{DFB0DB28-41C2-4DC0-8609-A4ACC93C7638} = {7652B0D5-1AE0-49C4-ABDC-331EA659E1B5}
	EndGlobalSection
	GlobalSection(ExtensibilityGlobals) = postSolution
		SolutionGuid = {C9D40C6A-B9B8-4229-821D-13EE5F854808}
	EndGlobalSection
EndGlobal
